PODS:
  - Flutter (1.0.0)
  - GoogleAds-IMA-iOS-SDK (3.20.0)
  - ima_player (0.0.1):
    - Flutter
    - GoogleAds-IMA-iOS-SDK (~> 3.20.0)

DEPENDENCIES:
  - Flutter (from `Flutter`)
  - ima_player (from `.symlinks/plugins/ima_player/ios`)

SPEC REPOS:
  trunk:
    - GoogleAds-IMA-iOS-SDK

EXTERNAL SOURCES:
  Flutter:
    :path: Flutter
  ima_player:
    :path: ".symlinks/plugins/ima_player/ios"

SPEC CHECKSUMS:
  Flutter: e0871f40cf51350855a761d2e70bf5af5b9b5de7
  GoogleAds-IMA-iOS-SDK: f9a6bd69e34f6c3a2d6b2f7cd56814b78fc680f9
  ima_player: 3c06b1f58c13d82f0b0b292e756ef789bfed9dfc

PODFILE CHECKSUM: fcaf275b63acbd4b8e39ea8d09a0b556d14b263e

COCOAPODS: 1.15.2
